// !$*UTF8*$!
{
	archiveVersion = 1;
	classes = {
	};
	objectVersion = 77;
	objects = {

/* Begin PBXBuildFile section */
		AE5A8E562DED765C00FB98F4 /* HotKey in Frameworks */ = {isa = PBXBuildFile; productRef = AE5A8E552DED765C00FB98F4 /* HotKey */; };
/* End PBXBuildFile section */

/* Begin PBXContainerItemProxy section */
		AE5A8E232DED760D00FB98F4 /* PBXContainerItemProxy */ = {
			isa = PBXContainerItemProxy;
			containerPortal = AE5A8E0C2DED760B00FB98F4 /* Project object */;
			proxyType = 1;
			remoteGlobalIDString = AE5A8E132DED760B00FB98F4;
			remoteInfo = SuriAI;
		};
		AE5A8E2D2DED760D00FB98F4 /* PBXContainerItemProxy */ = {
			isa = PBXContainerItemProxy;
			containerPortal = AE5A8E0C2DED760B00FB98F4 /* Project object */;
			proxyType = 1;
			remoteGlobalIDString = AE5A8E132DED760B00FB98F4;
			remoteInfo = SuriAI;
		};
/* End PBXContainerItemProxy section */

/* Begin PBXFileReference section */
		AE5A8E142DED760B00FB98F4 /* SuriAI.app */ = {isa = PBXFileReference; explicitFileType = wrapper.application; includeInIndex = 0; path = SuriAI.app; sourceTree = BUILT_PRODUCTS_DIR; };
		AE5A8E222DED760D00FB98F4 /* SuriAITests.xctest */ = {isa = PBXFileReference; explicitFileType = wrapper.cfbundle; includeInIndex = 0; path = SuriAITests.xctest; sourceTree = BUILT_PRODUCTS_DIR; };
		AE5A8E2C2DED760D00FB98F4 /* SuriAIUITests.xctest */ = {isa = PBXFileReference; explicitFileType = wrapper.cfbundle; includeInIndex = 0; path = SuriAIUITests.xctest; sourceTree = BUILT_PRODUCTS_DIR; };
/* End PBXFileReference section */

/* Begin PBXFileSystemSynchronizedRootGroup section */
		AE5A8E162DED760B00FB98F4 /* SuriAI */ = {
			isa = PBXFileSystemSynchronizedRootGroup;
			path = SuriAI;
			sourceTree = "<group>";
		};
		AE5A8E252DED760D00FB98F4 /* SuriAITests */ = {
			isa = PBXFileSystemSynchronizedRootGroup;
			path = SuriAITests;
			sourceTree = "<group>";
		};
		AE5A8E2F2DED760D00FB98F4 /* SuriAIUITests */ = {
			isa = PBXFileSystemSynchronizedRootGroup;
			path = SuriAIUITests;
			sourceTree = "<group>";
		};
/* End PBXFileSystemSynchronizedRootGroup section */

/* Begin PBXFrameworksBuildPhase section */
		AE5A8E112DED760B00FB98F4 /* Frameworks */ = {
			isa = PBXFrameworksBuildPhase;
			buildActionMask = 2147483647;
			files = (
				AE5A8E562DED765C00FB98F4 /* HotKey in Frameworks */,
			);
			runOnlyForDeploymentPostprocessing = 0;
		};
		AE5A8E1F2DED760D00FB98F4 /* Frameworks */ = {
			isa = PBXFrameworksBuildPhase;
			buildActionMask = 2147483647;
			files = (
			);
			runOnlyForDeploymentPostprocessing = 0;
		};
		AE5A8E292DED760D00FB98F4 /* Frameworks */ = {
			isa = PBXFrameworksBuildPhase;
			buildActionMask = 2147483647;
			files = (
			);
			runOnlyForDeploymentPostprocessing = 0;
		};
/* End PBXFrameworksBuildPhase section */

/* Begin PBXGroup section */
		AE5A8E0B2DED760B00FB98F4 = {
			isa = PBXGroup;
			children = (
				AE5A8E162DED760B00FB98F4 /* SuriAI */,
				AE5A8E252DED760D00FB98F4 /* SuriAITests */,
				AE5A8E2F2DED760D00FB98F4 /* SuriAIUITests */,
				AE5A8E152DED760B00FB98F4 /* Products */,
			);
			sourceTree = "<group>";
		};
		AE5A8E152DED760B00FB98F4 /* Products */ = {
			isa = PBXGroup;
			children = (
				AE5A8E142DED760B00FB98F4 /* SuriAI.app */,
				AE5A8E222DED760D00FB98F4 /* SuriAITests.xctest */,
				AE5A8E2C2DED760D00FB98F4 /* SuriAIUITests.xctest */,
			);
			name = Products;
			sourceTree = "<group>";
		};
/* End PBXGroup section */

/* Begin PBXNativeTarget section */
		AE5A8E132DED760B00FB98F4 /* SuriAI */ = {
			isa = PBXNativeTarget;
			buildConfigurationList = AE5A8E362DED760D00FB98F4 /* Build configuration list for PBXNativeTarget "SuriAI" */;
			buildPhases = (
				AE5A8E102DED760B00FB98F4 /* Sources */,
				AE5A8E112DED760B00FB98F4 /* Frameworks */,
				AE5A8E122DED760B00FB98F4 /* Resources */,
			);
			buildRules = (
			);
			dependencies = (
			);
			fileSystemSynchronizedGroups = (
				AE5A8E162DED760B00FB98F4 /* SuriAI */,
			);
			name = SuriAI;
			packageProductDependencies = (
				AE5A8E552DED765C00FB98F4 /* HotKey */,
			);
			productName = SuriAI;
			productReference = AE5A8E142DED760B00FB98F4 /* SuriAI.app */;
			productType = "com.apple.product-type.application";
		};
		AE5A8E212DED760D00FB98F4 /* SuriAITests */ = {
			isa = PBXNativeTarget;
			buildConfigurationList = AE5A8E392DED760D00FB98F4 /* Build configuration list for PBXNativeTarget "SuriAITests" */;
			buildPhases = (
				AE5A8E1E2DED760D00FB98F4 /* Sources */,
				AE5A8E1F2DED760D00FB98F4 /* Frameworks */,
				AE5A8E202DED760D00FB98F4 /* Resources */,
			);
			buildRules = (
			);
			dependencies = (
				AE5A8E242DED760D00FB98F4 /* PBXTargetDependency */,
			);
			fileSystemSynchronizedGroups = (
				AE5A8E252DED760D00FB98F4 /* SuriAITests */,
			);
			name = SuriAITests;
			packageProductDependencies = (
			);
			productName = SuriAITests;
			productReference = AE5A8E222DED760D00FB98F4 /* SuriAITests.xctest */;
			productType = "com.apple.product-type.bundle.unit-test";
		};
		AE5A8E2B2DED760D00FB98F4 /* SuriAIUITests */ = {
			isa = PBXNativeTarget;
			buildConfigurationList = AE5A8E3C2DED760D00FB98F4 /* Build configuration list for PBXNativeTarget "SuriAIUITests" */;
			buildPhases = (
				AE5A8E282DED760D00FB98F4 /* Sources */,
				AE5A8E292DED760D00FB98F4 /* Frameworks */,
				AE5A8E2A2DED760D00FB98F4 /* Resources */,
			);
			buildRules = (
			);
			dependencies = (
				AE5A8E2E2DED760D00FB98F4 /* PBXTargetDependency */,
			);
			fileSystemSynchronizedGroups = (
				AE5A8E2F2DED760D00FB98F4 /* SuriAIUITests */,
			);
			name = SuriAIUITests;
			packageProductDependencies = (
			);
			productName = SuriAIUITests;
			productReference = AE5A8E2C2DED760D00FB98F4 /* SuriAIUITests.xctest */;
			productType = "com.apple.product-type.bundle.ui-testing";
		};
/* End PBXNativeTarget section */

/* Begin PBXProject section */
		AE5A8E0C2DED760B00FB98F4 /* Project object */ = {
			isa = PBXProject;
			attributes = {
				BuildIndependentTargetsInParallel = 1;
				LastSwiftUpdateCheck = 1630;
				LastUpgradeCheck = 1630;
				TargetAttributes = {
					AE5A8E132DED760B00FB98F4 = {
						CreatedOnToolsVersion = 16.3;
					};
					AE5A8E212DED760D00FB98F4 = {
						CreatedOnToolsVersion = 16.3;
						TestTargetID = AE5A8E132DED760B00FB98F4;
					};
					AE5A8E2B2DED760D00FB98F4 = {
						CreatedOnToolsVersion = 16.3;
						TestTargetID = AE5A8E132DED760B00FB98F4;
					};
				};
			};
			buildConfigurationList = AE5A8E0F2DED760B00FB98F4 /* Build configuration list for PBXProject "SuriAI" */;
			developmentRegion = en;
			hasScannedForEncodings = 0;
			knownRegions = (
				en,
				Base,
			);
			mainGroup = AE5A8E0B2DED760B00FB98F4;
			minimizedProjectReferenceProxies = 1;
			packageReferences = (
				AE5A8E542DED765C00FB98F4 /* XCRemoteSwiftPackageReference "HotKey" */,
			);
			preferredProjectObjectVersion = 77;
			productRefGroup = AE5A8E152DED760B00FB98F4 /* Products */;
			projectDirPath = "";
			projectRoot = "";
			targets = (
				AE5A8E132DED760B00FB98F4 /* SuriAI */,
				AE5A8E212DED760D00FB98F4 /* SuriAITests */,
				AE5A8E2B2DED760D00FB98F4 /* SuriAIUITests */,
			);
		};
/* End PBXProject section */

/* Begin PBXResourcesBuildPhase section */
		AE5A8E122DED760B00FB98F4 /* Resources */ = {
			isa = PBXResourcesBuildPhase;
			buildActionMask = 2147483647;
			files = (
			);
			runOnlyForDeploymentPostprocessing = 0;
		};
		AE5A8E202DED760D00FB98F4 /* Resources */ = {
			isa = PBXResourcesBuildPhase;
			buildActionMask = 2147483647;
			files = (
			);
			runOnlyForDeploymentPostprocessing = 0;
		};
		AE5A8E2A2DED760D00FB98F4 /* Resources */ = {
			isa = PBXResourcesBuildPhase;
			buildActionMask = 2147483647;
			files = (
			);
			runOnlyForDeploymentPostprocessing = 0;
		};
/* End PBXResourcesBuildPhase section */

/* Begin PBXSourcesBuildPhase section */
		AE5A8E102DED760B00FB98F4 /* Sources */ = {
			isa = PBXSourcesBuildPhase;
			buildActionMask = 2147483647;
			files = (
			);
			runOnlyForDeploymentPostprocessing = 0;
		};
		AE5A8E1E2DED760D00FB98F4 /* Sources */ = {
			isa = PBXSourcesBuildPhase;
			buildActionMask = 2147483647;
			files = (
			);
			runOnlyForDeploymentPostprocessing = 0;
		};
		AE5A8E282DED760D00FB98F4 /* Sources */ = {
			isa = PBXSourcesBuildPhase;
			buildActionMask = 2147483647;
			files = (
			);
			runOnlyForDeploymentPostprocessing = 0;
		};
/* End PBXSourcesBuildPhase section */

/* Begin PBXTargetDependency section */
		AE5A8E242DED760D00FB98F4 /* PBXTargetDependency */ = {
			isa = PBXTargetDependency;
			target = AE5A8E132DED760B00FB98F4 /* SuriAI */;
			targetProxy = AE5A8E232DED760D00FB98F4 /* PBXContainerItemProxy */;
		};
		AE5A8E2E2DED760D00FB98F4 /* PBXTargetDependency */ = {
			isa = PBXTargetDependency;
			target = AE5A8E132DED760B00FB98F4 /* SuriAI */;
			targetProxy = AE5A8E2D2DED760D00FB98F4 /* PBXContainerItemProxy */;
		};
/* End PBXTargetDependency section */

/* Begin XCBuildConfiguration section */
		AE5A8E342DED760D00FB98F4 /* Debug */ = {
			isa = XCBuildConfiguration;
			buildSettings = {
				ALWAYS_SEARCH_USER_PATHS = NO;
				ASSETCATALOG_COMPILER_GENERATE_SWIFT_ASSET_SYMBOL_EXTENSIONS = YES;
				CLANG_ANALYZER_NONNULL = YES;
				CLANG_ANALYZER_NUMBER_OBJECT_CONVERSION = YES_AGGRESSIVE;
				CLANG_CXX_LANGUAGE_STANDARD = "gnu++20";
				CLANG_ENABLE_MODULES = YES;
				CLANG_ENABLE_OBJC_ARC = YES;
				CLANG_ENABLE_OBJC_WEAK = YES;
				CLANG_WARN_BLOCK_CAPTURE_AUTORELEASING = YES;
				CLANG_WARN_BOOL_CONVERSION = YES;
				CLANG_WARN_COMMA = YES;
				CLANG_WARN_CONSTANT_CONVERSION = YES;
				CLANG_WARN_DEPRECATED_OBJC_IMPLEMENTATIONS = YES;
				CLANG_WARN_DIRECT_OBJC_ISA_USAGE = YES_ERROR;
				CLANG_WARN_DOCUMENTATION_COMMENTS = YES;
				CLANG_WARN_EMPTY_BODY = YES;
				CLANG_WARN_ENUM_CONVERSION = YES;
				CLANG_WARN_INFINITE_RECURSION = YES;
				CLANG_WARN_INT_CONVERSION = YES;
				CLANG_WARN_NON_LITERAL_NULL_CONVERSION = YES;
				CLANG_WARN_OBJC_IMPLICIT_RETAIN_SELF = YES;
				CLANG_WARN_OBJC_LITERAL_CONVERSION = YES;
				CLANG_WARN_OBJC_ROOT_CLASS = YES_ERROR;
				CLANG_WARN_QUOTED_INCLUDE_IN_FRAMEWORK_HEADER = YES;
				CLANG_WARN_RANGE_LOOP_ANALYSIS = YES;
				CLANG_WARN_STRICT_PROTOTYPES = YES;
				CLANG_WARN_SUSPICIOUS_MOVE = YES;
				CLANG_WARN_UNGUARDED_AVAILABILITY = YES_AGGRESSIVE;
				CLANG_WARN_UNREACHABLE_CODE = YES;
				CLANG_WARN__DUPLICATE_METHOD_MATCH = YES;
				COPY_PHASE_STRIP = NO;
				DEBUG_INFORMATION_FORMAT = dwarf;
				ENABLE_STRICT_OBJC_MSGSEND = YES;
				ENABLE_TESTABILITY = YES;
				ENABLE_USER_SCRIPT_SANDBOXING = YES;
				GCC_C_LANGUAGE_STANDARD = gnu17;
				GCC_DYNAMIC_NO_PIC = NO;
				GCC_NO_COMMON_BLOCKS = YES;
				GCC_OPTIMIZATION_LEVEL = 0;
				GCC_PREPROCESSOR_DEFINITIONS = (
					"DEBUG=1",
					"$(inherited)",
				);
				GCC_WARN_64_TO_32_BIT_CONVERSION = YES;
				GCC_WARN_ABOUT_RETURN_TYPE = YES_ERROR;
				GCC_WARN_UNDECLARED_SELECTOR = YES;
				GCC_WARN_UNINITIALIZED_AUTOS = YES_AGGRESSIVE;
				GCC_WARN_UNUSED_FUNCTION = YES;
				GCC_WARN_UNUSED_VARIABLE = YES;
				LOCALIZATION_PREFERS_STRING_CATALOGS = YES;
				MACOSX_DEPLOYMENT_TARGET = 15.4;
				MTL_ENABLE_DEBUG_INFO = INCLUDE_SOURCE;
				MTL_FAST_MATH = YES;
				ONLY_ACTIVE_ARCH = YES;
				SDKROOT = macosx;
				SWIFT_ACTIVE_COMPILATION_CONDITIONS = "DEBUG $(inherited)";
				SWIFT_OPTIMIZATION_LEVEL = "-Onone";
			};
			name = Debug;
		};
		AE5A8E352DED760D00FB98F4 /* Release */ = {
			isa = XCBuildConfiguration;
			buildSettings = {
				ALWAYS_SEARCH_USER_PATHS = NO;
				ASSETCATALOG_COMPILER_GENERATE_SWIFT_ASSET_SYMBOL_EXTENSIONS = YES;
				CLANG_ANALYZER_NONNULL = YES;
				CLANG_ANALYZER_NUMBER_OBJECT_CONVERSION = YES_AGGRESSIVE;
				CLANG_CXX_LANGUAGE_STANDARD = "gnu++20";
				CLANG_ENABLE_MODULES = YES;
				CLANG_ENABLE_OBJC_ARC = YES;
				CLANG_ENABLE_OBJC_WEAK = YES;
				CLANG_WARN_BLOCK_CAPTURE_AUTORELEASING = YES;
				CLANG_WARN_BOOL_CONVERSION = YES;
				CLANG_WARN_COMMA = YES;
				CLANG_WARN_CONSTANT_CONVERSION = YES;
				CLANG_WARN_DEPRECATED_OBJC_IMPLEMENTATIONS = YES;
				CLANG_WARN_DIRECT_OBJC_ISA_USAGE = YES_ERROR;
				CLANG_WARN_DOCUMENTATION_COMMENTS = YES;
				CLANG_WARN_EMPTY_BODY = YES;
				CLANG_WARN_ENUM_CONVERSION = YES;
				CLANG_WARN_INFINITE_RECURSION = YES;
				CLANG_WARN_INT_CONVERSION = YES;
				CLANG_WARN_NON_LITERAL_NULL_CONVERSION = YES;
				CLANG_WARN_OBJC_IMPLICIT_RETAIN_SELF = YES;
				CLANG_WARN_OBJC_LITERAL_CONVERSION = YES;
				CLANG_WARN_OBJC_ROOT_CLASS = YES_ERROR;
				CLANG_WARN_QUOTED_INCLUDE_IN_FRAMEWORK_HEADER = YES;
				CLANG_WARN_RANGE_LOOP_ANALYSIS = YES;
				CLANG_WARN_STRICT_PROTOTYPES = YES;
				CLANG_WARN_SUSPICIOUS_MOVE = YES;
				CLANG_WARN_UNGUARDED_AVAILABILITY = YES_AGGRESSIVE;
				CLANG_WARN_UNREACHABLE_CODE = YES;
				CLANG_WARN__DUPLICATE_METHOD_MATCH = YES;
				COPY_PHASE_STRIP = NO;
				DEBUG_INFORMATION_FORMAT = "dwarf-with-dsym";
				ENABLE_NS_ASSERTIONS = NO;
				ENABLE_STRICT_OBJC_MSGSEND = YES;
				ENABLE_USER_SCRIPT_SANDBOXING = YES;
				GCC_C_LANGUAGE_STANDARD = gnu17;
				GCC_NO_COMMON_BLOCKS = YES;
				GCC_WARN_64_TO_32_BIT_CONVERSION = YES;
				GCC_WARN_ABOUT_RETURN_TYPE = YES_ERROR;
				GCC_WARN_UNDECLARED_SELECTOR = YES;
				GCC_WARN_UNINITIALIZED_AUTOS = YES_AGGRESSIVE;
				GCC_WARN_UNUSED_FUNCTION = YES;
				GCC_WARN_UNUSED_VARIABLE = YES;
				LOCALIZATION_PREFERS_STRING_CATALOGS = YES;
				MACOSX_DEPLOYMENT_TARGET = 15.4;
				MTL_ENABLE_DEBUG_INFO = NO;
				MTL_FAST_MATH = YES;
				SDKROOT = macosx;
				SWIFT_COMPILATION_MODE = wholemodule;
			};
			name = Release;
		};
		AE5A8E372DED760D00FB98F4 /* Debug */ = {
			isa = XCBuildConfiguration;
			buildSettings = {
				ASSETCATALOG_COMPILER_APPICON_NAME = AppIcon;
				ASSETCATALOG_COMPILER_GLOBAL_ACCENT_COLOR_NAME = AccentColor;
				CODE_SIGN_ENTITLEMENTS = SuriAI/SuriAI.entitlements;
				CODE_SIGN_STYLE = Automatic;
				COMBINE_HIDPI_IMAGES = YES;
				CURRENT_PROJECT_VERSION = 1;
				ENABLE_PREVIEWS = YES;
				GENERATE_INFOPLIST_FILE = YES;
				INFOPLIST_KEY_CFBundleDisplayName = SuriAI;
				INFOPLIST_KEY_LSApplicationCategoryType = "public.app-category.productivity";
				INFOPLIST_KEY_NSHumanReadableCopyright = "";
				LD_RUNPATH_SEARCH_PATHS = (
					"$(inherited)",
					"@executable_path/../Frameworks",
				);
				LIBRARY_SEARCH_PATHS = (
					"$(inherited)",
					"$(PROJECT_DIR)/SuriAI/surivenv/lib/python3.11/site-packages/google/_upb",
					"$(PROJECT_DIR)/SuriAI/surivenv/lib/python3.11/site-packages/mlx/lib",
					"$(PROJECT_DIR)/SuriAI/surivenv/lib/python3.11/site-packages/pydantic_core",
					"$(PROJECT_DIR)/SuriAI/surivenv/lib/python3.11/site-packages/numpy/_core/lib",
					"$(PROJECT_DIR)/SuriAI/surivenv/lib/python3.11/site-packages/tokenizers",
					"$(PROJECT_DIR)/SuriAI/surivenv/lib/python3.11/site-packages/safetensors",
					"$(PROJECT_DIR)/SuriAI/surivenv/lib/python3.11/site-packages/numpy/random/lib",
					"$(PROJECT_DIR)/SuriAI/surivenv/lib/python3.11/site-packages/ormsgpack",
					"$(PROJECT_DIR)/SuriAI/surivenv/lib/python3.11/site-packages/orjson",
					"$(PROJECT_DIR)/SuriAI/surivenv/lib/python3.11/site-packages/watchfiles",
					"$(PROJECT_DIR)/SuriAI/surivenv/lib/python3.11/site-packages/hf_xet",
					"$(PROJECT_DIR)/surivenv/lib/python3.11/site-packages/ormsgpack",
					"$(PROJECT_DIR)/surivenv/lib/python3.11/site-packages/hf_xet",
					"$(PROJECT_DIR)/surivenv/lib/python3.11/site-packages/orjson",
					"$(PROJECT_DIR)/surivenv/lib/python3.11/site-packages/tokenizers",
					"$(PROJECT_DIR)/surivenv/lib/python3.11/site-packages/safetensors",
					"$(PROJECT_DIR)/surivenv/lib/python3.11/site-packages/numpy/random/lib",
					"$(PROJECT_DIR)/surivenv/lib/python3.11/site-packages/mlx/lib",
					"$(PROJECT_DIR)/surivenv/lib/python3.11/site-packages/pydantic_core",
					"$(PROJECT_DIR)/surivenv/lib/python3.11/site-packages/google/_upb",
					"$(PROJECT_DIR)/surivenv/lib/python3.11/site-packages/watchfiles",
					"$(PROJECT_DIR)/surivenv/lib/python3.11/site-packages/numpy/_core/lib",
				);
				MACOSX_DEPLOYMENT_TARGET = 14.0;
				MARKETING_VERSION = 0.01;
				PRODUCT_BUNDLE_IDENTIFIER = name.pradhumn.SuriAI;
				PRODUCT_NAME = "$(TARGET_NAME)";
				REGISTER_APP_GROUPS = YES;
				SWIFT_EMIT_LOC_STRINGS = YES;
				SWIFT_VERSION = 5.0;
			};
			name = Debug;
		};
		AE5A8E382DED760D00FB98F4 /* Release */ = {
			isa = XCBuildConfiguration;
			buildSettings = {
				ASSETCATALOG_COMPILER_APPICON_NAME = AppIcon;
				ASSETCATALOG_COMPILER_GLOBAL_ACCENT_COLOR_NAME = AccentColor;
				CODE_SIGN_ENTITLEMENTS = SuriAI/SuriAI.entitlements;
				CODE_SIGN_STYLE = Automatic;
				COMBINE_HIDPI_IMAGES = YES;
				CURRENT_PROJECT_VERSION = 1;
				ENABLE_PREVIEWS = YES;
				GENERATE_INFOPLIST_FILE = YES;
				INFOPLIST_KEY_CFBundleDisplayName = SuriAI;
				INFOPLIST_KEY_LSApplicationCategoryType = "public.app-category.productivity";
				INFOPLIST_KEY_NSHumanReadableCopyright = "";
				LD_RUNPATH_SEARCH_PATHS = (
					"$(inherited)",
					"@executable_path/../Frameworks",
				);
				LIBRARY_SEARCH_PATHS = (
					"$(inherited)",
					"$(PROJECT_DIR)/SuriAI/surivenv/lib/python3.11/site-packages/google/_upb",
					"$(PROJECT_DIR)/SuriAI/surivenv/lib/python3.11/site-packages/mlx/lib",
					"$(PROJECT_DIR)/SuriAI/surivenv/lib/python3.11/site-packages/pydantic_core",
					"$(PROJECT_DIR)/SuriAI/surivenv/lib/python3.11/site-packages/numpy/_core/lib",
					"$(PROJECT_DIR)/SuriAI/surivenv/lib/python3.11/site-packages/tokenizers",
					"$(PROJECT_DIR)/SuriAI/surivenv/lib/python3.11/site-packages/safetensors",
					"$(PROJECT_DIR)/SuriAI/surivenv/lib/python3.11/site-packages/numpy/random/lib",
					"$(PROJECT_DIR)/SuriAI/surivenv/lib/python3.11/site-packages/ormsgpack",
					"$(PROJECT_DIR)/SuriAI/surivenv/lib/python3.11/site-packages/orjson",
					"$(PROJECT_DIR)/SuriAI/surivenv/lib/python3.11/site-packages/watchfiles",
					"$(PROJECT_DIR)/SuriAI/surivenv/lib/python3.11/site-packages/hf_xet",
					"$(PROJECT_DIR)/surivenv/lib/python3.11/site-packages/ormsgpack",
					"$(PROJECT_DIR)/surivenv/lib/python3.11/site-packages/hf_xet",
					"$(PROJECT_DIR)/surivenv/lib/python3.11/site-packages/orjson",
					"$(PROJECT_DIR)/surivenv/lib/python3.11/site-packages/tokenizers",
					"$(PROJECT_DIR)/surivenv/lib/python3.11/site-packages/safetensors",
					"$(PROJECT_DIR)/surivenv/lib/python3.11/site-packages/numpy/random/lib",
					"$(PROJECT_DIR)/surivenv/lib/python3.11/site-packages/mlx/lib",
					"$(PROJECT_DIR)/surivenv/lib/python3.11/site-packages/pydantic_core",
					"$(PROJECT_DIR)/surivenv/lib/python3.11/site-packages/google/_upb",
					"$(PROJECT_DIR)/surivenv/lib/python3.11/site-packages/watchfiles",
					"$(PROJECT_DIR)/surivenv/lib/python3.11/site-packages/numpy/_core/lib",
				);
				MACOSX_DEPLOYMENT_TARGET = 14.0;
				MARKETING_VERSION = 0.01;
				PRODUCT_BUNDLE_IDENTIFIER = name.pradhumn.SuriAI;
				PRODUCT_NAME = "$(TARGET_NAME)";
				REGISTER_APP_GROUPS = YES;
				SWIFT_EMIT_LOC_STRINGS = YES;
				SWIFT_VERSION = 5.0;
			};
			name = Release;
		};
		AE5A8E3A2DED760D00FB98F4 /* Debug */ = {
			isa = XCBuildConfiguration;
			buildSettings = {
				BUNDLE_LOADER = "$(TEST_HOST)";
				CODE_SIGN_STYLE = Automatic;
				CURRENT_PROJECT_VERSION = 1;
				GENERATE_INFOPLIST_FILE = YES;
				MACOSX_DEPLOYMENT_TARGET = 15.4;
				MARKETING_VERSION = 1.0;
				PRODUCT_BUNDLE_IDENTIFIER = name.pradhumn.SuriAITests;
				PRODUCT_NAME = "$(TARGET_NAME)";
				SWIFT_EMIT_LOC_STRINGS = NO;
				SWIFT_VERSION = 5.0;
				TEST_HOST = "$(BUILT_PRODUCTS_DIR)/SuriAI.app/$(BUNDLE_EXECUTABLE_FOLDER_PATH)/SuriAI";
			};
			name = Debug;
		};
		AE5A8E3B2DED760D00FB98F4 /* Release */ = {
			isa = XCBuildConfiguration;
			buildSettings = {
				BUNDLE_LOADER = "$(TEST_HOST)";
				CODE_SIGN_STYLE = Automatic;
				CURRENT_PROJECT_VERSION = 1;
				GENERATE_INFOPLIST_FILE = YES;
				MACOSX_DEPLOYMENT_TARGET = 15.4;
				MARKETING_VERSION = 1.0;
				PRODUCT_BUNDLE_IDENTIFIER = name.pradhumn.SuriAITests;
				PRODUCT_NAME = "$(TARGET_NAME)";
				SWIFT_EMIT_LOC_STRINGS = NO;
				SWIFT_VERSION = 5.0;
				TEST_HOST = "$(BUILT_PRODUCTS_DIR)/SuriAI.app/$(BUNDLE_EXECUTABLE_FOLDER_PATH)/SuriAI";
			};
			name = Release;
		};
		AE5A8E3D2DED760D00FB98F4 /* Debug */ = {
			isa = XCBuildConfiguration;
			buildSettings = {
				CODE_SIGN_STYLE = Automatic;
				CURRENT_PROJECT_VERSION = 1;
				GENERATE_INFOPLIST_FILE = YES;
				MARKETING_VERSION = 1.0;
				PRODUCT_BUNDLE_IDENTIFIER = name.pradhumn.SuriAIUITests;
				PRODUCT_NAME = "$(TARGET_NAME)";
				SWIFT_EMIT_LOC_STRINGS = NO;
				SWIFT_VERSION = 5.0;
				TEST_TARGET_NAME = SuriAI;
			};
			name = Debug;
		};
		AE5A8E3E2DED760D00FB98F4 /* Release */ = {
			isa = XCBuildConfiguration;
			buildSettings = {
				CODE_SIGN_STYLE = Automatic;
				CURRENT_PROJECT_VERSION = 1;
				GENERATE_INFOPLIST_FILE = YES;
				MARKETING_VERSION = 1.0;
				PRODUCT_BUNDLE_IDENTIFIER = name.pradhumn.SuriAIUITests;
				PRODUCT_NAME = "$(TARGET_NAME)";
				SWIFT_EMIT_LOC_STRINGS = NO;
				SWIFT_VERSION = 5.0;
				TEST_TARGET_NAME = SuriAI;
			};
			name = Release;
		};
/* End XCBuildConfiguration section */

/* Begin XCConfigurationList section */
		AE5A8E0F2DED760B00FB98F4 /* Build configuration list for PBXProject "SuriAI" */ = {
			isa = XCConfigurationList;
			buildConfigurations = (
				AE5A8E342DED760D00FB98F4 /* Debug */,
				AE5A8E352DED760D00FB98F4 /* Release */,
			);
			defaultConfigurationIsVisible = 0;
			defaultConfigurationName = Release;
		};
		AE5A8E362DED760D00FB98F4 /* Build configuration list for PBXNativeTarget "SuriAI" */ = {
			isa = XCConfigurationList;
			buildConfigurations = (
				AE5A8E372DED760D00FB98F4 /* Debug */,
				AE5A8E382DED760D00FB98F4 /* Release */,
			);
			defaultConfigurationIsVisible = 0;
			defaultConfigurationName = Release;
		};
		AE5A8E392DED760D00FB98F4 /* Build configuration list for PBXNativeTarget "SuriAITests" */ = {
			isa = XCConfigurationList;
			buildConfigurations = (
				AE5A8E3A2DED760D00FB98F4 /* Debug */,
				AE5A8E3B2DED760D00FB98F4 /* Release */,
			);
			defaultConfigurationIsVisible = 0;
			defaultConfigurationName = Release;
		};
		AE5A8E3C2DED760D00FB98F4 /* Build configuration list for PBXNativeTarget "SuriAIUITests" */ = {
			isa = XCConfigurationList;
			buildConfigurations = (
				AE5A8E3D2DED760D00FB98F4 /* Debug */,
				AE5A8E3E2DED760D00FB98F4 /* Release */,
			);
			defaultConfigurationIsVisible = 0;
			defaultConfigurationName = Release;
		};
/* End XCConfigurationList section */

/* Begin XCRemoteSwiftPackageReference section */
		AE5A8E542DED765C00FB98F4 /* XCRemoteSwiftPackageReference "HotKey" */ = {
			isa = XCRemoteSwiftPackageReference;
			repositoryURL = "https://github.com/soffes/HotKey";
			requirement = {
				branch = main;
				kind = branch;
			};
		};
/* End XCRemoteSwiftPackageReference section */

/* Begin XCSwiftPackageProductDependency section */
		AE5A8E552DED765C00FB98F4 /* HotKey */ = {
			isa = XCSwiftPackageProductDependency;
			package = AE5A8E542DED765C00FB98F4 /* XCRemoteSwiftPackageReference "HotKey" */;
			productName = HotKey;
		};
/* End XCSwiftPackageProductDependency section */
	};
	rootObject = AE5A8E0C2DED760B00FB98F4 /* Project object */;
}
